
Microsoft Visual Studio Solution File, Format Version 12.00
Project("{FAE04EC0-301F-11D3-BF4B-00C04F79EFBC}") = "WebApiTemplate", "WebApiTemplate.csproj", "{34B439BC-0912-4597-B34C-70D0FD35258D}"
EndProject
Global
	GlobalSection(SolutionConfigurationPlatforms) = preSolution
		Debug|Any CPU = Debug|Any CPU
		Release|Any CPU = Release|Any CPU
	EndGlobalSection
	GlobalSection(ProjectConfigurationPlatforms) = postSolution
		{34B439BC-0912-4597-B34C-70D0FD35258D}.Debug|Any CPU.ActiveCfg = Debug|Any CPU
		{34B439BC-0912-4597-B34C-70D0FD35258D}.Debug|Any CPU.Build.0 = Debug|Any CPU
		{34B439BC-0912-4597-B34C-70D0FD35258D}.Release|Any CPU.ActiveCfg = Release|Any CPU
		{34B439BC-0912-4597-B34C-70D0FD35258D}.Release|Any CPU.Build.0 = Release|Any CPU
	EndGlobalSection
EndGlobal
